// !$*UTF8*$!
{
	archiveVersion = 1;
	classes = {
	};
	objectVersion = 46;
	objects = {

/* Begin PBXBuildFile section */
		83BAF9361EC0DE3000EA30C3 /* AppDelegate.swift in Sources */ = {isa = PBXBuildFile; fileRef = 83BAF9351EC0DE3000EA30C3 /* AppDelegate.swift */; };
		83BAF9381EC0DE3000EA30C3 /* ViewController.swift in Sources */ = {isa = PBXBuildFile; fileRef = 83BAF9371EC0DE3000EA30C3 /* ViewController.swift */; };
		83BAF93B1EC0DE3000EA30C3 /* Main.storyboard in Resources */ = {isa = PBXBuildFile; fileRef = 83BAF9391EC0DE3000EA30C3 /* Main.storyboard */; };
		83BAF93D1EC0DE3000EA30C3 /* Assets.xcassets in Resources */ = {isa = PBXBuildFile; fileRef = 83BAF93C1EC0DE3000EA30C3 /* Assets.xcassets */; };
		83BAF9401EC0DE3000EA30C3 /* LaunchScreen.storyboard in Resources */ = {isa = PBXBuildFile; fileRef = 83BAF93E1EC0DE3000EA30C3 /* LaunchScreen.storyboard */; };
		83BAF94B1EC0DE3000EA30C3 /* BasicCollectionViewTests.swift in Sources */ = {isa = PBXBuildFile; fileRef = 83BAF94A1EC0DE3000EA30C3 /* BasicCollectionViewTests.swift */; };
		83BAF9561EC0DE3000EA30C3 /* BasicCollectionViewUITests.swift in Sources */ = {isa = PBXBuildFile; fileRef = 83BAF9551EC0DE3000EA30C3 /* BasicCollectionViewUITests.swift */; };
		83BAF9641EC0DFDB00EA30C3 /* MyCollectionViewCell.swift in Sources */ = {isa = PBXBuildFile; fileRef = 83BAF9631EC0DFDB00EA30C3 /* MyCollectionViewCell.swift */; };
/* End PBXBuildFile section */

/* Begin PBXContainerItemProxy section */
		83BAF9471EC0DE3000EA30C3 /* PBXContainerItemProxy */ = {
			isa = PBXContainerItemProxy;
			containerPortal = 83BAF92A1EC0DE3000EA30C3 /* Project object */;
			proxyType = 1;
			remoteGlobalIDString = 83BAF9311EC0DE3000EA30C3;
			remoteInfo = BasicCollectionView;
		};
		83BAF9521EC0DE3000EA30C3 /* PBXContainerItemProxy */ = {
			isa = PBXContainerItemProxy;
			containerPortal = 83BAF92A1EC0DE3000EA30C3 /* Project object */;
			proxyType = 1;
			remoteGlobalIDString = 83BAF9311EC0DE3000EA30C3;
			remoteInfo = BasicCollectionView;
		};
/* End PBXContainerItemProxy section */

/* Begin PBXFileReference section */
		83BAF9321EC0DE3000EA30C3 /* BasicCollectionView.app */ = {isa = PBXFileReference; explicitFileType = wrapper.application; includeInIndex = 0; path = BasicCollectionView.app; sourceTree = BUILT_PRODUCTS_DIR; };
		83BAF9351EC0DE3000EA30C3 /* AppDelegate.swift */ = {isa = PBXFileReference; lastKnownFileType = sourcecode.swift; path = AppDelegate.swift; sourceTree = "<group>"; };
		83BAF9371EC0DE3000EA30C3 /* ViewController.swift */ = {isa = PBXFileReference; lastKnownFileType = sourcecode.swift; path = ViewController.swift; sourceTree = "<group>"; };
		83BAF93A1EC0DE3000EA30C3 /* Base */ = {isa = PBXFileReference; lastKnownFileType = file.storyboard; name = Base; path = Base.lproj/Main.storyboard; sourceTree = "<group>"; };
		83BAF93C1EC0DE3000EA30C3 /* Assets.xcassets */ = {isa = PBXFileReference; lastKnownFileType = folder.assetcatalog; path = Assets.xcassets; sourceTree = "<group>"; };
		83BAF93F1EC0DE3000EA30C3 /* Base */ = {isa = PBXFileReference; lastKnownFileType = file.storyboard; name = Base; path = Base.lproj/LaunchScreen.storyboard; sourceTree = "<group>"; };
		83BAF9411EC0DE3000EA30C3 /* Info.plist */ = {isa = PBXFileReference; lastKnownFileType = text.plist.xml; path = Info.plist; sourceTree = "<group>"; };
		83BAF9461EC0DE3000EA30C3 /* BasicCollectionViewTests.xctest */ = {isa = PBXFileReference; explicitFileType = wrapper.cfbundle; includeInIndex = 0; path = BasicCollectionViewTests.xctest; sourceTree = BUILT_PRODUCTS_DIR; };
		83BAF94A1EC0DE3000EA30C3 /* BasicCollectionViewTests.swift */ = {isa = PBXFileReference; lastKnownFileType = sourcecode.swift; path = BasicCollectionViewTests.swift; sourceTree = "<group>"; };
		83BAF94C1EC0DE3000EA30C3 /* Info.plist */ = {isa = PBXFileReference; lastKnownFileType = text.plist.xml; path = Info.plist; sourceTree = "<group>"; };
		83BAF9511EC0DE3000EA30C3 /* BasicCollectionViewUITests.xctest */ = {isa = PBXFileReference; explicitFileType = wrapper.cfbundle; includeInIndex = 0; path = BasicCollectionViewUITests.xctest; sourceTree = BUILT_PRODUCTS_DIR; };
		83BAF9551EC0DE3000EA30C3 /* BasicCollectionViewUITests.swift */ = {isa = PBXFileReference; lastKnownFileType = sourcecode.swift; path = BasicCollectionViewUITests.swift; sourceTree = "<group>"; };
		83BAF9571EC0DE3000EA30C3 /* Info.plist */ = {isa = PBXFileReference; lastKnownFileType = text.plist.xml; path = Info.plist; sourceTree = "<group>"; };
		83BAF9631EC0DFDB00EA30C3 /* MyCollectionViewCell.swift */ = {isa = PBXFileReference; fileEncoding = 4; lastKnownFileType = sourcecode.swift; path = MyCollectionViewCell.swift; sourceTree = "<group>"; };
/* End PBXFileReference section */

/* Begin PBXFrameworksBuildPhase section */
		83BAF92F1EC0DE3000EA30C3 /* Frameworks */ = {
			isa = PBXFrameworksBuildPhase;
			buildActionMask = 2147483647;
			files = (
			);
			runOnlyForDeploymentPostprocessing = 0;
		};
		83BAF9431EC0DE3000EA30C3 /* Frameworks */ = {
			isa = PBXFrameworksBuildPhase;
			buildActionMask = 2147483647;
			files = (
			);
			runOnlyForDeploymentPostprocessing = 0;
		};
		83BAF94E1EC0DE3000EA30C3 /* Frameworks */ = {
			isa = PBXFrameworksBuildPhase;
			buildActionMask = 2147483647;
			files = (
			);
			runOnlyForDeploymentPostprocessing = 0;
		};
/* End PBXFrameworksBuildPhase section */

/* Begin PBXGroup section */
		83BAF9291EC0DE3000EA30C3 = {
			isa = PBXGroup;
			children = (
				83BAF9341EC0DE3000EA30C3 /* BasicCollectionView */,
				83BAF9491EC0DE3000EA30C3 /* BasicCollectionViewTests */,
				83BAF9541EC0DE3000EA30C3 /* BasicCollectionViewUITests */,
				83BAF9331EC0DE3000EA30C3 /* Products */,
			);
			sourceTree = "<group>";
		};
		83BAF9331EC0DE3000EA30C3 /* Products */ = {
			isa = PBXGroup;
			children = (
				83BAF9321EC0DE3000EA30C3 /* BasicCollectionView.app */,
				83BAF9461EC0DE3000EA30C3 /* BasicCollectionViewTests.xctest */,
				83BAF9511EC0DE3000EA30C3 /* BasicCollectionViewUITests.xctest */,
			);
			name = Products;
			sourceTree = "<group>";
		};
		83BAF9341EC0DE3000EA30C3 /* BasicCollectionView */ = {
			isa = PBXGroup;
			children = (
				83BAF9351EC0DE3000EA30C3 /* AppDelegate.swift */,
				83BAF9371EC0DE3000EA30C3 /* ViewController.swift */,
				83BAF9391EC0DE3000EA30C3 /* Main.storyboard */,
				83BAF9631EC0DFDB00EA30C3 /* MyCollectionViewCell.swift */,
				83BAF93C1EC0DE3000EA30C3 /* Assets.xcassets */,
				83BAF93E1EC0DE3000EA30C3 /* LaunchScreen.storyboard */,
				83BAF9411EC0DE3000EA30C3 /* Info.plist */,
			);
			path = BasicCollectionView;
			sourceTree = "<group>";
		};
		83BAF9491EC0DE3000EA30C3 /* BasicCollectionViewTests */ = {
			isa = PBXGroup;
			children = (
				83BAF94A1EC0DE3000EA30C3 /* BasicCollectionViewTests.swift */,
				83BAF94C1EC0DE3000EA30C3 /* Info.plist */,
			);
			path = BasicCollectionViewTests;
			sourceTree = "<group>";
		};
		83BAF9541EC0DE3000EA30C3 /* BasicCollectionViewUITests */ = {
			isa = PBXGroup;
			children = (
				83BAF9551EC0DE3000EA30C3 /* BasicCollectionViewUITests.swift */,
				83BAF9571EC0DE3000EA30C3 /* Info.plist */,
			);
			path = BasicCollectionViewUITests;
			sourceTree = "<group>";
		};
/* End PBXGroup section */

/* Begin PBXNativeTarget section */
		83BAF9311EC0DE3000EA30C3 /* BasicCollectionView */ = {
			isa = PBXNativeTarget;
			buildConfigurationList = 83BAF95A1EC0DE3000EA30C3 /* Build configuration list for PBXNativeTarget "BasicCollectionView" */;
			buildPhases = (
				83BAF92E1EC0DE3000EA30C3 /* Sources */,
				83BAF92F1EC0DE3000EA30C3 /* Frameworks */,
				83BAF9301EC0DE3000EA30C3 /* Resources */,
			);
			buildRules = (
			);
			dependencies = (
			);
			name = BasicCollectionView;
			productName = BasicCollectionView;
			productReference = 83BAF9321EC0DE3000EA30C3 /* BasicCollectionView.app */;
			productType = "com.apple.product-type.application";
		};
		83BAF9451EC0DE3000EA30C3 /* BasicCollectionViewTests */ = {
			isa = PBXNativeTarget;
			buildConfigurationList = 83BAF95D1EC0DE3000EA30C3 /* Build configuration list for PBXNativeTarget "BasicCollectionViewTests" */;
			buildPhases = (
				83BAF9421EC0DE3000EA30C3 /* Sources */,
				83BAF9431EC0DE3000EA30C3 /* Frameworks */,
				83BAF9441EC0DE3000EA30C3 /* Resources */,
			);
			buildRules = (
			);
			dependencies = (
				83BAF9481EC0DE3000EA30C3 /* PBXTargetDependency */,
			);
			name = BasicCollectionViewTests;
			productName = BasicCollectionViewTests;
			productReference = 83BAF9461EC0DE3000EA30C3 /* BasicCollectionViewTests.xctest */;
			productType = "com.apple.product-type.bundle.unit-test";
		};
		83BAF9501EC0DE3000EA30C3 /* BasicCollectionViewUITests */ = {
			isa = PBXNativeTarget;
			buildConfigurationList = 83BAF9601EC0DE3000EA30C3 /* Build configuration list for PBXNativeTarget "BasicCollectionViewUITests" */;
			buildPhases = (
				83BAF94D1EC0DE3000EA30C3 /* Sources */,
				83BAF94E1EC0DE3000EA30C3 /* Frameworks */,
				83BAF94F1EC0DE3000EA30C3 /* Resources */,
			);
			buildRules = (
			);
			dependencies = (
				83BAF9531EC0DE3000EA30C3 /* PBXTargetDependency */,
			);
			name = BasicCollectionViewUITests;
			productName = BasicCollectionViewUITests;
			productReference = 83BAF9511EC0DE3000EA30C3 /* BasicCollectionViewUITests.xctest */;
			productType = "com.apple.product-type.bundle.ui-testing";
		};
/* End PBXNativeTarget section */

/* Begin PBXProject section */
		83BAF92A1EC0DE3000EA30C3 /* Project object */ = {
			isa = PBXProject;
			attributes = {
				LastSwiftUpdateCheck = 0830;
				LastUpgradeCheck = 0830;
				ORGANIZATIONNAME = XuanBac;
				TargetAttributes = {
					83BAF9311EC0DE3000EA30C3 = {
						CreatedOnToolsVersion = 8.3.2;
						DevelopmentTeam = D9L6JVDPWS;
						ProvisioningStyle = Automatic;
					};
					83BAF9451EC0DE3000EA30C3 = {
						CreatedOnToolsVersion = 8.3.2;
						DevelopmentTeam = D9L6JVDPWS;
						ProvisioningStyle = Automatic;
						TestTargetID = 83BAF9311EC0DE3000EA30C3;
					};
					83BAF9501EC0DE3000EA30C3 = {
						CreatedOnToolsVersion = 8.3.2;
						DevelopmentTeam = D9L6JVDPWS;
						ProvisioningStyle = Automatic;
						TestTargetID = 83BAF9311EC0DE3000EA30C3;
					};
				};
			};
			buildConfigurationList = 83BAF92D1EC0DE3000EA30C3 /* Build configuration list for PBXProject "BasicCollectionView" */;
			compatibilityVersion = "Xcode 3.2";
			developmentRegion = English;
			hasScannedForEncodings = 0;
			knownRegions = (
				en,
				Base,
			);
			mainGroup = 83BAF9291EC0DE3000EA30C3;
			productRefGroup = 83BAF9331EC0DE3000EA30C3 /* Products */;
			projectDirPath = "";
			projectRoot = "";
			targets = (
				83BAF9311EC0DE3000EA30C3 /* BasicCollectionView */,
				83BAF9451EC0DE3000EA30C3 /* BasicCollectionViewTests */,
				83BAF9501EC0DE3000EA30C3 /* BasicCollectionViewUITests */,
			);
		};
/* End PBXProject section */

/* Begin PBXResourcesBuildPhase section */
		83BAF9301EC0DE3000EA30C3 /* Resources */ = {
			isa = PBXResourcesBuildPhase;
			buildActionMask = 2147483647;
			files = (
				83BAF9401EC0DE3000EA30C3 /* LaunchScreen.storyboard in Resources */,
				83BAF93D1EC0DE3000EA30C3 /* Assets.xcassets in Resources */,
				83BAF93B1EC0DE3000EA30C3 /* Main.storyboard in Resources */,
			);
			runOnlyForDeploymentPostprocessing = 0;
		};
		83BAF9441EC0DE3000EA30C3 /* Resources */ = {
			isa = PBXResourcesBuildPhase;
			buildActionMask = 2147483647;
			files = (
			);
			runOnlyForDeploymentPostprocessing = 0;
		};
		83BAF94F1EC0DE3000EA30C3 /* Resources */ = {
			isa = PBXResourcesBuildPhase;
			buildActionMask = 2147483647;
			files = (
			);
			runOnlyForDeploymentPostprocessing = 0;
		};
/* End PBXResourcesBuildPhase section */

/* Begin PBXSourcesBuildPhase section */
		83BAF92E1EC0DE3000EA30C3 /* Sources */ = {
			isa = PBXSourcesBuildPhase;
			buildActionMask = 2147483647;
			files = (
				83BAF9381EC0DE3000EA30C3 /* ViewController.swift in Sources */,
				83BAF9361EC0DE3000EA30C3 /* AppDelegate.swift in Sources */,
				83BAF9641EC0DFDB00EA30C3 /* MyCollectionViewCell.swift in Sources */,
			);
			runOnlyForDeploymentPostprocessing = 0;
		};
		83BAF9421EC0DE3000EA30C3 /* Sources */ = {
			isa = PBXSourcesBuildPhase;
			buildActionMask = 2147483647;
			files = (
				83BAF94B1EC0DE3000EA30C3 /* BasicCollectionViewTests.swift in Sources */,
			);
			runOnlyForDeploymentPostprocessing = 0;
		};
		83BAF94D1EC0DE3000EA30C3 /* Sources */ = {
			isa = PBXSourcesBuildPhase;
			buildActionMask = 2147483647;
			files = (
				83BAF9561EC0DE3000EA30C3 /* BasicCollectionViewUITests.swift in Sources */,
			);
			runOnlyForDeploymentPostprocessing = 0;
		};
/* End PBXSourcesBuildPhase section */

/* Begin PBXTargetDependency section */
		83BAF9481EC0DE3000EA30C3 /* PBXTargetDependency */ = {
			isa = PBXTargetDependency;
			target = 83BAF9311EC0DE3000EA30C3 /* BasicCollectionView */;
			targetProxy = 83BAF9471EC0DE3000EA30C3 /* PBXContainerItemProxy */;
		};
		83BAF9531EC0DE3000EA30C3 /* PBXTargetDependency */ = {
			isa = PBXTargetDependency;
			target = 83BAF9311EC0DE3000EA30C3 /* BasicCollectionView */;
			targetProxy = 83BAF9521EC0DE3000EA30C3 /* PBXContainerItemProxy */;
		};
/* End PBXTargetDependency section */

/* Begin PBXVariantGroup section */
		83BAF9391EC0DE3000EA30C3 /* Main.storyboard */ = {
			isa = PBXVariantGroup;
			children = (
				83BAF93A1EC0DE3000EA30C3 /* Base */,
			);
			name = Main.storyboard;
			sourceTree = "<group>";
		};
		83BAF93E1EC0DE3000EA30C3 /* LaunchScreen.storyboard */ = {
			isa = PBXVariantGroup;
			children = (
				83BAF93F1EC0DE3000EA30C3 /* Base */,
			);
			name = LaunchScreen.storyboard;
			sourceTree = "<group>";
		};
/* End PBXVariantGroup section */

/* Begin XCBuildConfiguration section */
		83BAF9581EC0DE3000EA30C3 /* Debug */ = {
			isa = XCBuildConfiguration;
			buildSettings = {
				ALWAYS_SEARCH_USER_PATHS = NO;
				CLANG_ANALYZER_NONNULL = YES;
				CLANG_ANALYZER_NUMBER_OBJECT_CONVERSION = YES_AGGRESSIVE;
				CLANG_CXX_LANGUAGE_STANDARD = "gnu++0x";
				CLANG_CXX_LIBRARY = "libc++";
				CLANG_ENABLE_MODULES = YES;
				CLANG_ENABLE_OBJC_ARC = YES;
				CLANG_WARN_BOOL_CONVERSION = YES;
				CLANG_WARN_CONSTANT_CONVERSION = YES;
				CLANG_WARN_DIRECT_OBJC_ISA_USAGE = YES_ERROR;
				CLANG_WARN_DOCUMENTATION_COMMENTS = YES;
				CLANG_WARN_EMPTY_BODY = YES;
				CLANG_WARN_ENUM_CONVERSION = YES;
				CLANG_WARN_INFINITE_RECURSION = YES;
				CLANG_WARN_INT_CONVERSION = YES;
				CLANG_WARN_OBJC_ROOT_CLASS = YES_ERROR;
				CLANG_WARN_SUSPICIOUS_MOVE = YES;
				CLANG_WARN_UNREACHABLE_CODE = YES;
				CLANG_WARN__DUPLICATE_METHOD_MATCH = YES;
				"CODE_SIGN_IDENTITY[sdk=iphoneos*]" = "iPhone Developer";
				COPY_PHASE_STRIP = NO;
				DEBUG_INFORMATION_FORMAT = dwarf;
				ENABLE_STRICT_OBJC_MSGSEND = YES;
				ENABLE_TESTABILITY = YES;
				GCC_C_LANGUAGE_STANDARD = gnu99;
				GCC_DYNAMIC_NO_PIC = NO;
				GCC_NO_COMMON_BLOCKS = YES;
				GCC_OPTIMIZATION_LEVEL = 0;
				GCC_PREPROCESSOR_DEFINITIONS = (
					"DEBUG=1",
					"$(inherited)",
				);
				GCC_WARN_64_TO_32_BIT_CONVERSION = YES;
				GCC_WARN_ABOUT_RETURN_TYPE = YES_ERROR;
				GCC_WARN_UNDECLARED_SELECTOR = YES;
				GCC_WARN_UNINITIALIZED_AUTOS = YES_AGGRESSIVE;
				GCC_WARN_UNUSED_FUNCTION = YES;
				GCC_WARN_UNUSED_VARIABLE = YES;
				IPHONEOS_DEPLOYMENT_TARGET = 10.3;
				MTL_ENABLE_DEBUG_INFO = YES;
				ONLY_ACTIVE_ARCH = YES;
				SDKROOT = iphoneos;
				SWIFT_ACTIVE_COMPILATION_CONDITIONS = DEBUG;
				SWIFT_OPTIMIZATION_LEVEL = "-Onone";
				TARGETED_DEVICE_FAMILY = "1,2";
			};
			name = Debug;
		};
		83BAF9591EC0DE3000EA30C3 /* Release */ = {
			isa = XCBuildConfiguration;
			buildSettings = {
				ALWAYS_SEARCH_USER_PATHS = NO;
				CLANG_ANALYZER_NONNULL = YES;
				CLANG_ANALYZER_NUMBER_OBJECT_CONVERSION = YES_AGGRESSIVE;
				CLANG_CXX_LANGUAGE_STANDARD = "gnu++0x";
				CLANG_CXX_LIBRARY = "libc++";
				CLANG_ENABLE_MODULES = YES;
				CLANG_ENABLE_OBJC_ARC = YES;
				CLANG_WARN_BOOL_CONVERSION = YES;
				CLANG_WARN_CONSTANT_CONVERSION = YES;
				CLANG_WARN_DIRECT_OBJC_ISA_USAGE = YES_ERROR;
				CLANG_WARN_DOCUMENTATION_COMMENTS = YES;
				CLANG_WARN_EMPTY_BODY = YES;
				CLANG_WARN_ENUM_CONVERSION = YES;
				CLANG_WARN_INFINITE_RECURSION = YES;
				CLANG_WARN_INT_CONVERSION = YES;
				CLANG_WARN_OBJC_ROOT_CLASS = YES_ERROR;
				CLANG_WARN_SUSPICIOUS_MOVE = YES;
				CLANG_WARN_UNREACHABLE_CODE = YES;
				CLANG_WARN__DUPLICATE_METHOD_MATCH = YES;
				"CODE_SIGN_IDENTITY[sdk=iphoneos*]" = "iPhone Developer";
				COPY_PHASE_STRIP = NO;
				DEBUG_INFORMATION_FORMAT = "dwarf-with-dsym";
				ENABLE_NS_ASSERTIONS = NO;
				ENABLE_STRICT_OBJC_MSGSEND = YES;
				GCC_C_LANGUAGE_STANDARD = gnu99;
				GCC_NO_COMMON_BLOCKS = YES;
				GCC_WARN_64_TO_32_BIT_CONVERSION = YES;
				GCC_WARN_ABOUT_RETURN_TYPE = YES_ERROR;
				GCC_WARN_UNDECLARED_SELECTOR = YES;
				GCC_WARN_UNINITIALIZED_AUTOS = YES_AGGRESSIVE;
				GCC_WARN_UNUSED_FUNCTION = YES;
				GCC_WARN_UNUSED_VARIABLE = YES;
				IPHONEOS_DEPLOYMENT_TARGET = 10.3;
				MTL_ENABLE_DEBUG_INFO = NO;
				SDKROOT = iphoneos;
				SWIFT_OPTIMIZATION_LEVEL = "-Owholemodule";
				TARGETED_DEVICE_FAMILY = "1,2";
				VALIDATE_PRODUCT = YES;
			};
			name = Release;
		};
		83BAF95B1EC0DE3000EA30C3 /* Debug */ = {
			isa = XCBuildConfiguration;
			buildSettings = {
				ASSETCATALOG_COMPILER_APPICON_NAME = AppIcon;
				DEVELOPMENT_TEAM = D9L6JVDPWS;
				INFOPLIST_FILE = BasicCollectionView/Info.plist;
				LD_RUNPATH_SEARCH_PATHS = "$(inherited) @executable_path/Frameworks";
				PRODUCT_BUNDLE_IDENTIFIER = XuanBac.BasicCollectionView;
				PRODUCT_NAME = "$(TARGET_NAME)";
				SWIFT_VERSION = 3.0;
			};
			name = Debug;
		};
		83BAF95C1EC0DE3000EA30C3 /* Release */ = {
			isa = XCBuildConfiguration;
			buildSettings = {
				ASSETCATALOG_COMPILER_APPICON_NAME = AppIcon;
				DEVELOPMENT_TEAM = D9L6JVDPWS;
				INFOPLIST_FILE = BasicCollectionView/Info.plist;
				LD_RUNPATH_SEARCH_PATHS = "$(inherited) @executable_path/Frameworks";
				PRODUCT_BUNDLE_IDENTIFIER = XuanBac.BasicCollectionView;
				PRODUCT_NAME = "$(TARGET_NAME)";
				SWIFT_VERSION = 3.0;
			};
			name = Release;
		};
		83BAF95E1EC0DE3000EA30C3 /* Debug */ = {
			isa = XCBuildConfiguration;
			buildSettings = {
				ALWAYS_EMBED_SWIFT_STANDARD_LIBRARIES = YES;
				BUNDLE_LOADER = "$(TEST_HOST)";
				DEVELOPMENT_TEAM = D9L6JVDPWS;
				INFOPLIST_FILE = BasicCollectionViewTests/Info.plist;
				LD_RUNPATH_SEARCH_PATHS = "$(inherited) @executable_path/Frameworks @loader_path/Frameworks";
				PRODUCT_BUNDLE_IDENTIFIER = XuanBac.BasicCollectionViewTests;
				PRODUCT_NAME = "$(TARGET_NAME)";
				SWIFT_VERSION = 3.0;
				TEST_HOST = "$(BUILT_PRODUCTS_DIR)/BasicCollectionView.app/BasicCollectionView";
			};
			name = Debug;
		};
		83BAF95F1EC0DE3000EA30C3 /* Release */ = {
			isa = XCBuildConfiguration;
			buildSettings = {
				ALWAYS_EMBED_SWIFT_STANDARD_LIBRARIES = YES;
				BUNDLE_LOADER = "$(TEST_HOST)";
				DEVELOPMENT_TEAM = D9L6JVDPWS;
				INFOPLIST_FILE = BasicCollectionViewTests/Info.plist;
				LD_RUNPATH_SEARCH_PATHS = "$(inherited) @executable_path/Frameworks @loader_path/Frameworks";
				PRODUCT_BUNDLE_IDENTIFIER = XuanBac.BasicCollectionViewTests;
				PRODUCT_NAME = "$(TARGET_NAME)";
				SWIFT_VERSION = 3.0;
				TEST_HOST = "$(BUILT_PRODUCTS_DIR)/BasicCollectionView.app/BasicCollectionView";
			};
			name = Release;
		};
		83BAF9611EC0DE3000EA30C3 /* Debug */ = {
			isa = XCBuildConfiguration;
			buildSettings = {
				ALWAYS_EMBED_SWIFT_STANDARD_LIBRARIES = YES;
				DEVELOPMENT_TEAM = D9L6JVDPWS;
				INFOPLIST_FILE = BasicCollectionViewUITests/Info.plist;
				LD_RUNPATH_SEARCH_PATHS = "$(inherited) @executable_path/Frameworks @loader_path/Frameworks";
				PRODUCT_BUNDLE_IDENTIFIER = XuanBac.BasicCollectionViewUITests;
				PRODUCT_NAME = "$(TARGET_NAME)";
				SWIFT_VERSION = 3.0;
				TEST_TARGET_NAME = BasicCollectionView;
			};
			name = Debug;
		};
		83BAF9621EC0DE3000EA30C3 /* Release */ = {
			isa = XCBuildConfiguration;
			buildSettings = {
				ALWAYS_EMBED_SWIFT_STANDARD_LIBRARIES = YES;
				DEVELOPMENT_TEAM = D9L6JVDPWS;
				INFOPLIST_FILE = BasicCollectionViewUITests/Info.plist;
				LD_RUNPATH_SEARCH_PATHS = "$(inherited) @executable_path/Frameworks @loader_path/Frameworks";
				PRODUCT_BUNDLE_IDENTIFIER = XuanBac.BasicCollectionViewUITests;
				PRODUCT_NAME = "$(TARGET_NAME)";
				SWIFT_VERSION = 3.0;
				TEST_TARGET_NAME = BasicCollectionView;
			};
			name = Release;
		};
/* End XCBuildConfiguration section */

/* Begin XCConfigurationList section */
		83BAF92D1EC0DE3000EA30C3 /* Build configuration list for PBXProject "BasicCollectionView" */ = {
			isa = XCConfigurationList;
			buildConfigurations = (
				83BAF9581EC0DE3000EA30C3 /* Debug */,
				83BAF9591EC0DE3000EA30C3 /* Release */,
			);
			defaultConfigurationIsVisible = 0;
			defaultConfigurationName = Release;
		};
		83BAF95A1EC0DE3000EA30C3 /* Build configuration list for PBXNativeTarget "BasicCollectionView" */ = {
			isa = XCConfigurationList;
			buildConfigurations = (
				83BAF95B1EC0DE3000EA30C3 /* Debug */,
				83BAF95C1EC0DE3000EA30C3 /* Release */,
			);
			defaultConfigurationIsVisible = 0;
		};
		83BAF95D1EC0DE3000EA30C3 /* Build configuration list for PBXNativeTarget "BasicCollectionViewTests" */ = {
			isa = XCConfigurationList;
			buildConfigurations = (
				83BAF95E1EC0DE3000EA30C3 /* Debug */,
				83BAF95F1EC0DE3000EA30C3 /* Release */,
			);
			defaultConfigurationIsVisible = 0;
		};
		83BAF9601EC0DE3000EA30C3 /* Build configuration list for PBXNativeTarget "BasicCollectionViewUITests" */ = {
			isa = XCConfigurationList;
			buildConfigurations = (
				83BAF9611EC0DE3000EA30C3 /* Debug */,
				83BAF9621EC0DE3000EA30C3 /* Release */,
			);
			defaultConfigurationIsVisible = 0;
		};
/* End XCConfigurationList section */
	};
	rootObject = 83BAF92A1EC0DE3000EA30C3 /* Project object */;
}
